
Microsoft Visual Studio Solution File, Format Version 12.00
# Visual Studio Version 17
VisualStudioVersion = 17.7.34031.279
MinimumVisualStudioVersion = 10.0.40219.1
Project("{FAE04EC0-301F-11D3-BF4B-00C04F79EFBC}") = "Setul3_2", "Setul3_2.csproj", "{C09C07FF-FBDD-44C2-A8D2-5242C6DB9506}"
EndProject
Global
	GlobalSection(SolutionConfigurationPlatforms) = preSolution
		Debug|Any CPU = Debug|Any CPU
		Release|Any CPU = Release|Any CPU
	EndGlobalSection
	GlobalSection(ProjectConfigurationPlatforms) = postSolution
		{C09C07FF-FBDD-44C2-A8D2-5242C6DB9506}.Debug|Any CPU.ActiveCfg = Debug|Any CPU
		{C09C07FF-FBDD-44C2-A8D2-5242C6DB9506}.Debug|Any CPU.Build.0 = Debug|Any CPU
		{C09C07FF-FBDD-44C2-A8D2-5242C6DB9506}.Release|Any CPU.ActiveCfg = Release|Any CPU
		{C09C07FF-FBDD-44C2-A8D2-5242C6DB9506}.Release|Any CPU.Build.0 = Release|Any CPU
	EndGlobalSection
	GlobalSection(SolutionProperties) = preSolution
		HideSolutionNode = FALSE
	EndGlobalSection
	GlobalSection(ExtensibilityGlobals) = postSolution
		SolutionGuid = {A4E02262-9CFF-4DD9-9BA1-1A0DF83D8508}
	EndGlobalSection
EndGlobal
