
Microsoft Visual Studio Solution File, Format Version 12.00
# Visual Studio Version 17
VisualStudioVersion = 17.7.34031.279
MinimumVisualStudioVersion = 10.0.40219.1
Project("{FAE04EC0-301F-11D3-BF4B-00C04F79EFBC}") = "Setul3_24", "Setul3_24.csproj", "{4D6F5AFB-F8F4-4FFC-A2BE-2E1BA76880B5}"
EndProject
Global
	GlobalSection(SolutionConfigurationPlatforms) = preSolution
		Debug|Any CPU = Debug|Any CPU
		Release|Any CPU = Release|Any CPU
	EndGlobalSection
	GlobalSection(ProjectConfigurationPlatforms) = postSolution
		{4D6F5AFB-F8F4-4FFC-A2BE-2E1BA76880B5}.Debug|Any CPU.ActiveCfg = Debug|Any CPU
		{4D6F5AFB-F8F4-4FFC-A2BE-2E1BA76880B5}.Debug|Any CPU.Build.0 = Debug|Any CPU
		{4D6F5AFB-F8F4-4FFC-A2BE-2E1BA76880B5}.Release|Any CPU.ActiveCfg = Release|Any CPU
		{4D6F5AFB-F8F4-4FFC-A2BE-2E1BA76880B5}.Release|Any CPU.Build.0 = Release|Any CPU
	EndGlobalSection
	GlobalSection(SolutionProperties) = preSolution
		HideSolutionNode = FALSE
	EndGlobalSection
	GlobalSection(ExtensibilityGlobals) = postSolution
		SolutionGuid = {FBB0E448-BBC1-47A2-A22A-76FFD31CC193}
	EndGlobalSection
EndGlobal
