
Microsoft Visual Studio Solution File, Format Version 12.00
# Visual Studio Version 17
VisualStudioVersion = 17.7.34031.279
MinimumVisualStudioVersion = 10.0.40219.1
Project("{FAE04EC0-301F-11D3-BF4B-00C04F79EFBC}") = "Setul3_8", "Setul3_8.csproj", "{91FCFE87-EC44-4836-A789-AD2F81C0D579}"
EndProject
Global
	GlobalSection(SolutionConfigurationPlatforms) = preSolution
		Debug|Any CPU = Debug|Any CPU
		Release|Any CPU = Release|Any CPU
	EndGlobalSection
	GlobalSection(ProjectConfigurationPlatforms) = postSolution
		{91FCFE87-EC44-4836-A789-AD2F81C0D579}.Debug|Any CPU.ActiveCfg = Debug|Any CPU
		{91FCFE87-EC44-4836-A789-AD2F81C0D579}.Debug|Any CPU.Build.0 = Debug|Any CPU
		{91FCFE87-EC44-4836-A789-AD2F81C0D579}.Release|Any CPU.ActiveCfg = Release|Any CPU
		{91FCFE87-EC44-4836-A789-AD2F81C0D579}.Release|Any CPU.Build.0 = Release|Any CPU
	EndGlobalSection
	GlobalSection(SolutionProperties) = preSolution
		HideSolutionNode = FALSE
	EndGlobalSection
	GlobalSection(ExtensibilityGlobals) = postSolution
		SolutionGuid = {DC57D395-9111-489C-B9EA-F05568791C5A}
	EndGlobalSection
EndGlobal
